
Microsoft Visual Studio Solution File, Format Version 12.00
# Visual Studio Version 17
VisualStudioVersion = 17.5.002.0
MinimumVisualStudioVersion = 10.0.40219.1
Project("{9A19103F-16F7-4668-BE54-9A1E7A4F7556}") = "TrumpVerseAPI", "TrumpVerseAPI\TrumpVerseAPI.csproj", "{330D4C1A-E43E-4B07-A2C7-CCEFFD36DA3A}"
EndProject
Global
	GlobalSection(SolutionConfigurationPlatforms) = preSolution
		Debug|Any CPU = Debug|Any CPU
		Release|Any CPU = Release|Any CPU
	EndGlobalSection
	GlobalSection(ProjectConfigurationPlatforms) = postSolution
		{330D4C1A-E43E-4B07-A2C7-CCEFFD36DA3A}.Debug|Any CPU.ActiveCfg = Debug|Any CPU
		{330D4C1A-E43E-4B07-A2C7-CCEFFD36DA3A}.Debug|Any CPU.Build.0 = Debug|Any CPU
		{330D4C1A-E43E-4B07-A2C7-CCEFFD36DA3A}.Release|Any CPU.ActiveCfg = Release|Any CPU
		{330D4C1A-E43E-4B07-A2C7-CCEFFD36DA3A}.Release|Any CPU.Build.0 = Release|Any CPU
	EndGlobalSection
	GlobalSection(SolutionProperties) = preSolution
		HideSolutionNode = FALSE
	EndGlobalSection
	GlobalSection(ExtensibilityGlobals) = postSolution
		SolutionGuid = {69BED1C6-5673-4DAE-9354-F2DF8557FD63}
	EndGlobalSection
EndGlobal
